
Microsoft Visual Studio Solution File, Format Version 12.00
# Visual Studio Version 17
VisualStudioVersion = 17.5.33530.505
MinimumVisualStudioVersion = 10.0.40219.1
Project("{9A19103F-16F7-4668-BE54-9A1E7A4F7556}") = "Api", "Api\Api.csproj", "{89C39684-8933-4803-B2F6-DF47A8B974B9}"
EndProject
Project("{9A19103F-16F7-4668-BE54-9A1E7A4F7556}") = "Api.Application", "Api.Application\Api.Application.csproj", "{3E0BFE73-E264-402B-A1CC-97222087BECB}"
EndProject
Project("{9A19103F-16F7-4668-BE54-9A1E7A4F7556}") = "Api.Domain", "Api.Domain\Api.Domain.csproj", "{0CA0F4D0-6CC7-40AD-B9F1-4EE6E273067B}"
EndProject
Project("{9A19103F-16F7-4668-BE54-9A1E7A4F7556}") = "Api.Repository", "Api.Repository\Api.Repository.csproj", "{7BAE4E4C-8C51-4228-B47B-CC486E9C9FA0}"
EndProject
Project("{9A19103F-16F7-4668-BE54-9A1E7A4F7556}") = "App", "App\App.csproj", "{AD1B938A-C32B-44ED-8ED8-69F7D56F1D88}"
EndProject
Global
	GlobalSection(SolutionConfigurationPlatforms) = preSolution
		Debug|Any CPU = Debug|Any CPU
		Debug|ARM = Debug|ARM
		Debug|ARM64 = Debug|ARM64
		Debug|x64 = Debug|x64
		Debug|x86 = Debug|x86
		Release|Any CPU = Release|Any CPU
		Release|ARM = Release|ARM
		Release|ARM64 = Release|ARM64
		Release|x64 = Release|x64
		Release|x86 = Release|x86
	EndGlobalSection
	GlobalSection(ProjectConfigurationPlatforms) = postSolution
		{89C39684-8933-4803-B2F6-DF47A8B974B9}.Debug|Any CPU.ActiveCfg = Debug|Any CPU
		{89C39684-8933-4803-B2F6-DF47A8B974B9}.Debug|Any CPU.Build.0 = Debug|Any CPU
		{89C39684-8933-4803-B2F6-DF47A8B974B9}.Debug|ARM.ActiveCfg = Debug|Any CPU
		{89C39684-8933-4803-B2F6-DF47A8B974B9}.Debug|ARM.Build.0 = Debug|Any CPU
		{89C39684-8933-4803-B2F6-DF47A8B974B9}.Debug|ARM64.ActiveCfg = Debug|Any CPU
		{89C39684-8933-4803-B2F6-DF47A8B974B9}.Debug|ARM64.Build.0 = Debug|Any CPU
		{89C39684-8933-4803-B2F6-DF47A8B974B9}.Debug|x64.ActiveCfg = Debug|Any CPU
		{89C39684-8933-4803-B2F6-DF47A8B974B9}.Debug|x64.Build.0 = Debug|Any CPU
		{89C39684-8933-4803-B2F6-DF47A8B974B9}.Debug|x86.ActiveCfg = Debug|Any CPU
		{89C39684-8933-4803-B2F6-DF47A8B974B9}.Debug|x86.Build.0 = Debug|Any CPU
		{89C39684-8933-4803-B2F6-DF47A8B974B9}.Release|Any CPU.ActiveCfg = Release|Any CPU
		{89C39684-8933-4803-B2F6-DF47A8B974B9}.Release|Any CPU.Build.0 = Release|Any CPU
		{89C39684-8933-4803-B2F6-DF47A8B974B9}.Release|ARM.ActiveCfg = Release|Any CPU
		{89C39684-8933-4803-B2F6-DF47A8B974B9}.Release|ARM.Build.0 = Release|Any CPU
		{89C39684-8933-4803-B2F6-DF47A8B974B9}.Release|ARM64.ActiveCfg = Release|Any CPU
		{89C39684-8933-4803-B2F6-DF47A8B974B9}.Release|ARM64.Build.0 = Release|Any CPU
		{89C39684-8933-4803-B2F6-DF47A8B974B9}.Release|x64.ActiveCfg = Release|Any CPU
		{89C39684-8933-4803-B2F6-DF47A8B974B9}.Release|x64.Build.0 = Release|Any CPU
		{89C39684-8933-4803-B2F6-DF47A8B974B9}.Release|x86.ActiveCfg = Release|Any CPU
		{89C39684-8933-4803-B2F6-DF47A8B974B9}.Release|x86.Build.0 = Release|Any CPU
		{3E0BFE73-E264-402B-A1CC-97222087BECB}.Debug|Any CPU.ActiveCfg = Debug|Any CPU
		{3E0BFE73-E264-402B-A1CC-97222087BECB}.Debug|Any CPU.Build.0 = Debug|Any CPU
		{3E0BFE73-E264-402B-A1CC-97222087BECB}.Debug|ARM.ActiveCfg = Debug|Any CPU
		{3E0BFE73-E264-402B-A1CC-97222087BECB}.Debug|ARM.Build.0 = Debug|Any CPU
		{3E0BFE73-E264-402B-A1CC-97222087BECB}.Debug|ARM64.ActiveCfg = Debug|Any CPU
		{3E0BFE73-E264-402B-A1CC-97222087BECB}.Debug|ARM64.Build.0 = Debug|Any CPU
		{3E0BFE73-E264-402B-A1CC-97222087BECB}.Debug|x64.ActiveCfg = Debug|Any CPU
		{3E0BFE73-E264-402B-A1CC-97222087BECB}.Debug|x64.Build.0 = Debug|Any CPU
		{3E0BFE73-E264-402B-A1CC-97222087BECB}.Debug|x86.ActiveCfg = Debug|Any CPU
		{3E0BFE73-E264-402B-A1CC-97222087BECB}.Debug|x86.Build.0 = Debug|Any CPU
		{3E0BFE73-E264-402B-A1CC-97222087BECB}.Release|Any CPU.ActiveCfg = Release|Any CPU
		{3E0BFE73-E264-402B-A1CC-97222087BECB}.Release|Any CPU.Build.0 = Release|Any CPU
		{3E0BFE73-E264-402B-A1CC-97222087BECB}.Release|ARM.ActiveCfg = Release|Any CPU
		{3E0BFE73-E264-402B-A1CC-97222087BECB}.Release|ARM.Build.0 = Release|Any CPU
		{3E0BFE73-E264-402B-A1CC-97222087BECB}.Release|ARM64.ActiveCfg = Release|Any CPU
		{3E0BFE73-E264-402B-A1CC-97222087BECB}.Release|ARM64.Build.0 = Release|Any CPU
		{3E0BFE73-E264-402B-A1CC-97222087BECB}.Release|x64.ActiveCfg = Release|Any CPU
		{3E0BFE73-E264-402B-A1CC-97222087BECB}.Release|x64.Build.0 = Release|Any CPU
		{3E0BFE73-E264-402B-A1CC-97222087BECB}.Release|x86.ActiveCfg = Release|Any CPU
		{3E0BFE73-E264-402B-A1CC-97222087BECB}.Release|x86.Build.0 = Release|Any CPU
		{0CA0F4D0-6CC7-40AD-B9F1-4EE6E273067B}.Debug|Any CPU.ActiveCfg = Debug|Any CPU
		{0CA0F4D0-6CC7-40AD-B9F1-4EE6E273067B}.Debug|Any CPU.Build.0 = Debug|Any CPU
		{0CA0F4D0-6CC7-40AD-B9F1-4EE6E273067B}.Debug|ARM.ActiveCfg = Debug|Any CPU
		{0CA0F4D0-6CC7-40AD-B9F1-4EE6E273067B}.Debug|ARM.Build.0 = Debug|Any CPU
		{0CA0F4D0-6CC7-40AD-B9F1-4EE6E273067B}.Debug|ARM64.ActiveCfg = Debug|Any CPU
		{0CA0F4D0-6CC7-40AD-B9F1-4EE6E273067B}.Debug|ARM64.Build.0 = Debug|Any CPU
		{0CA0F4D0-6CC7-40AD-B9F1-4EE6E273067B}.Debug|x64.ActiveCfg = Debug|Any CPU
		{0CA0F4D0-6CC7-40AD-B9F1-4EE6E273067B}.Debug|x64.Build.0 = Debug|Any CPU
		{0CA0F4D0-6CC7-40AD-B9F1-4EE6E273067B}.Debug|x86.ActiveCfg = Debug|Any CPU
		{0CA0F4D0-6CC7-40AD-B9F1-4EE6E273067B}.Debug|x86.Build.0 = Debug|Any CPU
		{0CA0F4D0-6CC7-40AD-B9F1-4EE6E273067B}.Release|Any CPU.ActiveCfg = Release|Any CPU
		{0CA0F4D0-6CC7-40AD-B9F1-4EE6E273067B}.Release|Any CPU.Build.0 = Release|Any CPU
		{0CA0F4D0-6CC7-40AD-B9F1-4EE6E273067B}.Release|ARM.ActiveCfg = Release|Any CPU
		{0CA0F4D0-6CC7-40AD-B9F1-4EE6E273067B}.Release|ARM.Build.0 = Release|Any CPU
		{0CA0F4D0-6CC7-40AD-B9F1-4EE6E273067B}.Release|ARM64.ActiveCfg = Release|Any CPU
		{0CA0F4D0-6CC7-40AD-B9F1-4EE6E273067B}.Release|ARM64.Build.0 = Release|Any CPU
		{0CA0F4D0-6CC7-40AD-B9F1-4EE6E273067B}.Release|x64.ActiveCfg = Release|Any CPU
		{0CA0F4D0-6CC7-40AD-B9F1-4EE6E273067B}.Release|x64.Build.0 = Release|Any CPU
		{0CA0F4D0-6CC7-40AD-B9F1-4EE6E273067B}.Release|x86.ActiveCfg = Release|Any CPU
		{0CA0F4D0-6CC7-40AD-B9F1-4EE6E273067B}.Release|x86.Build.0 = Release|Any CPU
		{7BAE4E4C-8C51-4228-B47B-CC486E9C9FA0}.Debug|Any CPU.ActiveCfg = Debug|Any CPU
		{7BAE4E4C-8C51-4228-B47B-CC486E9C9FA0}.Debug|Any CPU.Build.0 = Debug|Any CPU
		{7BAE4E4C-8C51-4228-B47B-CC486E9C9FA0}.Debug|ARM.ActiveCfg = Debug|Any CPU
		{7BAE4E4C-8C51-4228-B47B-CC486E9C9FA0}.Debug|ARM.Build.0 = Debug|Any CPU
		{7BAE4E4C-8C51-4228-B47B-CC486E9C9FA0}.Debug|ARM64.ActiveCfg = Debug|Any CPU
		{7BAE4E4C-8C51-4228-B47B-CC486E9C9FA0}.Debug|ARM64.Build.0 = Debug|Any CPU
		{7BAE4E4C-8C51-4228-B47B-CC486E9C9FA0}.Debug|x64.ActiveCfg = Debug|Any CPU
		{7BAE4E4C-8C51-4228-B47B-CC486E9C9FA0}.Debug|x64.Build.0 = Debug|Any CPU
		{7BAE4E4C-8C51-4228-B47B-CC486E9C9FA0}.Debug|x86.ActiveCfg = Debug|Any CPU
		{7BAE4E4C-8C51-4228-B47B-CC486E9C9FA0}.Debug|x86.Build.0 = Debug|Any CPU
		{7BAE4E4C-8C51-4228-B47B-CC486E9C9FA0}.Release|Any CPU.ActiveCfg = Release|Any CPU
		{7BAE4E4C-8C51-4228-B47B-CC486E9C9FA0}.Release|Any CPU.Build.0 = Release|Any CPU
		{7BAE4E4C-8C51-4228-B47B-CC486E9C9FA0}.Release|ARM.ActiveCfg = Release|Any CPU
		{7BAE4E4C-8C51-4228-B47B-CC486E9C9FA0}.Release|ARM.Build.0 = Release|Any CPU
		{7BAE4E4C-8C51-4228-B47B-CC486E9C9FA0}.Release|ARM64.ActiveCfg = Release|Any CPU
		{7BAE4E4C-8C51-4228-B47B-CC486E9C9FA0}.Release|ARM64.Build.0 = Release|Any CPU
		{7BAE4E4C-8C51-4228-B47B-CC486E9C9FA0}.Release|x64.ActiveCfg = Release|Any CPU
		{7BAE4E4C-8C51-4228-B47B-CC486E9C9FA0}.Release|x64.Build.0 = Release|Any CPU
		{7BAE4E4C-8C51-4228-B47B-CC486E9C9FA0}.Release|x86.ActiveCfg = Release|Any CPU
		{7BAE4E4C-8C51-4228-B47B-CC486E9C9FA0}.Release|x86.Build.0 = Release|Any CPU
		{AD1B938A-C32B-44ED-8ED8-69F7D56F1D88}.Debug|Any CPU.ActiveCfg = Debug|Any CPU
		{AD1B938A-C32B-44ED-8ED8-69F7D56F1D88}.Debug|Any CPU.Build.0 = Debug|Any CPU
		{AD1B938A-C32B-44ED-8ED8-69F7D56F1D88}.Debug|Any CPU.Deploy.0 = Debug|Any CPU
		{AD1B938A-C32B-44ED-8ED8-69F7D56F1D88}.Debug|ARM.ActiveCfg = Debug|Any CPU
		{AD1B938A-C32B-44ED-8ED8-69F7D56F1D88}.Debug|ARM.Build.0 = Debug|Any CPU
		{AD1B938A-C32B-44ED-8ED8-69F7D56F1D88}.Debug|ARM.Deploy.0 = Debug|Any CPU
		{AD1B938A-C32B-44ED-8ED8-69F7D56F1D88}.Debug|ARM64.ActiveCfg = Debug|Any CPU
		{AD1B938A-C32B-44ED-8ED8-69F7D56F1D88}.Debug|ARM64.Build.0 = Debug|Any CPU
		{AD1B938A-C32B-44ED-8ED8-69F7D56F1D88}.Debug|ARM64.Deploy.0 = Debug|Any CPU
		{AD1B938A-C32B-44ED-8ED8-69F7D56F1D88}.Debug|x64.ActiveCfg = Debug|Any CPU
		{AD1B938A-C32B-44ED-8ED8-69F7D56F1D88}.Debug|x64.Build.0 = Debug|Any CPU
		{AD1B938A-C32B-44ED-8ED8-69F7D56F1D88}.Debug|x64.Deploy.0 = Debug|Any CPU
		{AD1B938A-C32B-44ED-8ED8-69F7D56F1D88}.Debug|x86.ActiveCfg = Debug|Any CPU
		{AD1B938A-C32B-44ED-8ED8-69F7D56F1D88}.Debug|x86.Build.0 = Debug|Any CPU
		{AD1B938A-C32B-44ED-8ED8-69F7D56F1D88}.Debug|x86.Deploy.0 = Debug|Any CPU
		{AD1B938A-C32B-44ED-8ED8-69F7D56F1D88}.Release|Any CPU.ActiveCfg = Release|Any CPU
		{AD1B938A-C32B-44ED-8ED8-69F7D56F1D88}.Release|Any CPU.Build.0 = Release|Any CPU
		{AD1B938A-C32B-44ED-8ED8-69F7D56F1D88}.Release|Any CPU.Deploy.0 = Release|Any CPU
		{AD1B938A-C32B-44ED-8ED8-69F7D56F1D88}.Release|ARM.ActiveCfg = Release|Any CPU
		{AD1B938A-C32B-44ED-8ED8-69F7D56F1D88}.Release|ARM.Build.0 = Release|Any CPU
		{AD1B938A-C32B-44ED-8ED8-69F7D56F1D88}.Release|ARM.Deploy.0 = Release|Any CPU
		{AD1B938A-C32B-44ED-8ED8-69F7D56F1D88}.Release|ARM64.ActiveCfg = Release|Any CPU
		{AD1B938A-C32B-44ED-8ED8-69F7D56F1D88}.Release|ARM64.Build.0 = Release|Any CPU
		{AD1B938A-C32B-44ED-8ED8-69F7D56F1D88}.Release|ARM64.Deploy.0 = Release|Any CPU
		{AD1B938A-C32B-44ED-8ED8-69F7D56F1D88}.Release|x64.ActiveCfg = Release|Any CPU
		{AD1B938A-C32B-44ED-8ED8-69F7D56F1D88}.Release|x64.Build.0 = Release|Any CPU
		{AD1B938A-C32B-44ED-8ED8-69F7D56F1D88}.Release|x64.Deploy.0 = Release|Any CPU
		{AD1B938A-C32B-44ED-8ED8-69F7D56F1D88}.Release|x86.ActiveCfg = Release|Any CPU
		{AD1B938A-C32B-44ED-8ED8-69F7D56F1D88}.Release|x86.Build.0 = Release|Any CPU
		{AD1B938A-C32B-44ED-8ED8-69F7D56F1D88}.Release|x86.Deploy.0 = Release|Any CPU
	EndGlobalSection
	GlobalSection(SolutionProperties) = preSolution
		HideSolutionNode = FALSE
	EndGlobalSection
	GlobalSection(ExtensibilityGlobals) = postSolution
		SolutionGuid = {1197A706-6A28-4343-9D27-6ACB2AB91E2E}
	EndGlobalSection
EndGlobal
