
Microsoft Visual Studio Solution File, Format Version 12.00
# Visual Studio Version 17
VisualStudioVersion = 17.5.33530.505
MinimumVisualStudioVersion = 10.0.40219.1
Project("{9A19103F-16F7-4668-BE54-9A1E7A4F7556}") = "Api", "Api\Api.csproj", "{89C39684-8933-4803-B2F6-DF47A8B974B9}"
EndProject
Global
	GlobalSection(SolutionConfigurationPlatforms) = preSolution
		Debug|Any CPU = Debug|Any CPU
		Release|Any CPU = Release|Any CPU
	EndGlobalSection
	GlobalSection(ProjectConfigurationPlatforms) = postSolution
		{89C39684-8933-4803-B2F6-DF47A8B974B9}.Debug|Any CPU.ActiveCfg = Debug|Any CPU
		{89C39684-8933-4803-B2F6-DF47A8B974B9}.Debug|Any CPU.Build.0 = Debug|Any CPU
		{89C39684-8933-4803-B2F6-DF47A8B974B9}.Release|Any CPU.ActiveCfg = Release|Any CPU
		{89C39684-8933-4803-B2F6-DF47A8B974B9}.Release|Any CPU.Build.0 = Release|Any CPU
	EndGlobalSection
	GlobalSection(SolutionProperties) = preSolution
		HideSolutionNode = FALSE
	EndGlobalSection
	GlobalSection(ExtensibilityGlobals) = postSolution
		SolutionGuid = {1197A706-6A28-4343-9D27-6ACB2AB91E2E}
	EndGlobalSection
EndGlobal
